
Microsoft Visual Studio Solution File, Format Version 12.00
# Visual Studio Version 16
VisualStudioVersion = 16.0.29215.179
MinimumVisualStudioVersion = 10.0.40219.1
Project("{FAE04EC0-301F-11D3-BF4B-00C04F79EFBC}") = "FirstTestJen", "FirstTestJen\FirstTestJen.csproj", "{2233DED5-8676-42F5-83FF-845AA9BDBB05}"
EndProject
Global
	GlobalSection(SolutionConfigurationPlatforms) = preSolution
		Debug|Any CPU = Debug|Any CPU
		Release|Any CPU = Release|Any CPU
	EndGlobalSection
	GlobalSection(ProjectConfigurationPlatforms) = postSolution
		{2233DED5-8676-42F5-83FF-845AA9BDBB05}.Debug|Any CPU.ActiveCfg = Debug|Any CPU
		{2233DED5-8676-42F5-83FF-845AA9BDBB05}.Debug|Any CPU.Build.0 = Debug|Any CPU
		{2233DED5-8676-42F5-83FF-845AA9BDBB05}.Release|Any CPU.ActiveCfg = Release|Any CPU
		{2233DED5-8676-42F5-83FF-845AA9BDBB05}.Release|Any CPU.Build.0 = Release|Any CPU
	EndGlobalSection
	GlobalSection(SolutionProperties) = preSolution
		HideSolutionNode = FALSE
	EndGlobalSection
	GlobalSection(ExtensibilityGlobals) = postSolution
		SolutionGuid = {913CF14A-51B1-47AD-BF1D-CC1D975A32AF}
	EndGlobalSection
EndGlobal
